// !$*UTF8*$!
{
	archiveVersion = 1;
	classes = {
	};
	objectVersion = 55;
	objects = {

/* Begin PBXBuildFile section */
		040F0D05587FDF583FB1F2A0 /* Pods_DailyCoffeeTests.framework in Frameworks */ = {isa = PBXBuildFile; fileRef = 598842B2CEF1C336BA0D004B /* Pods_DailyCoffeeTests.framework */; };
		0D508C5D6B340F82C18377E9 /* Pods_DailyCoffee_DailyCoffeeUITests.framework in Frameworks */ = {isa = PBXBuildFile; fileRef = 98930E2EA578BD1805BE9DB5 /* Pods_DailyCoffee_DailyCoffeeUITests.framework */; };
		35B15FEE2728444400718E75 /* DetailCafeViewModel.swift in Sources */ = {isa = PBXBuildFile; fileRef = 35B15FED2728444400718E75 /* DetailCafeViewModel.swift */; };
		8C150150138B8EE07F2E2262 /* Pods_DailyCoffee.framework in Frameworks */ = {isa = PBXBuildFile; fileRef = A0A25FD2107DC1168D713393 /* Pods_DailyCoffee.framework */; };
		AF94A45527426BC000D38043 /* MailViewModel.swift in Sources */ = {isa = PBXBuildFile; fileRef = AF94A45427426BC000D38043 /* MailViewModel.swift */; };
		AF94A45827426C1C00D38043 /* ProfileView.swift in Sources */ = {isa = PBXBuildFile; fileRef = AF94A45727426C1C00D38043 /* ProfileView.swift */; };
		AF94A45C2743AD9800D38043 /* MakePeopleView.swift in Sources */ = {isa = PBXBuildFile; fileRef = AF94A45B2743AD9800D38043 /* MakePeopleView.swift */; };
		AF94A45E2743ADA800D38043 /* OpenSourceView.swift in Sources */ = {isa = PBXBuildFile; fileRef = AF94A45D2743ADA800D38043 /* OpenSourceView.swift */; };
		EB32401E2725349500A26BA0 /* GMView.swift in Sources */ = {isa = PBXBuildFile; fileRef = EB32401D2725349500A26BA0 /* GMView.swift */; };
		EB324024272535EC00A26BA0 /* CafeViewModel.swift in Sources */ = {isa = PBXBuildFile; fileRef = EB324023272535EC00A26BA0 /* CafeViewModel.swift */; };
		EB32402727256D8400A26BA0 /* TextFieldAlert.swift in Sources */ = {isa = PBXBuildFile; fileRef = EB32402627256D8400A26BA0 /* TextFieldAlert.swift */; };
		EB32402927256E3000A26BA0 /* UIAlertControllerExtension.swift in Sources */ = {isa = PBXBuildFile; fileRef = EB32402827256E3000A26BA0 /* UIAlertControllerExtension.swift */; };
		EB32402B27256E8F00A26BA0 /* ViewExtension.swift in Sources */ = {isa = PBXBuildFile; fileRef = EB32402A27256E8F00A26BA0 /* ViewExtension.swift */; };
		EB32402E27256ED100A26BA0 /* AlertWrapper.swift in Sources */ = {isa = PBXBuildFile; fileRef = EB32402D27256ED100A26BA0 /* AlertWrapper.swift */; };
		EB324032272572F500A26BA0 /* AddCafeView.swift in Sources */ = {isa = PBXBuildFile; fileRef = EB324031272572F500A26BA0 /* AddCafeView.swift */; };
		EB4034A627227F9700B2C10D /* DetailViewModel.swift in Sources */ = {isa = PBXBuildFile; fileRef = EB4034A527227F9700B2C10D /* DetailViewModel.swift */; };
		EB4034A82722884500B2C10D /* ImagePickerModel.swift in Sources */ = {isa = PBXBuildFile; fileRef = EB4034A72722884500B2C10D /* ImagePickerModel.swift */; };
		EB7943C12726B44F00668698 /* RoundedCorner.swift in Sources */ = {isa = PBXBuildFile; fileRef = EB7943C02726B44F00668698 /* RoundedCorner.swift */; };
		EB7943C42726D97100668698 /* DetailCafeView.swift in Sources */ = {isa = PBXBuildFile; fileRef = EB7943C32726D97100668698 /* DetailCafeView.swift */; };
		EBB9F4AA2723A45E000DE4E4 /* InputView.swift in Sources */ = {isa = PBXBuildFile; fileRef = EBB9F4A92723A45E000DE4E4 /* InputView.swift */; };
		EBB9F4AC2723C036000DE4E4 /* UserViewModel.swift in Sources */ = {isa = PBXBuildFile; fileRef = EBB9F4AB2723C036000DE4E4 /* UserViewModel.swift */; };
		EBB9F4AE2723C0CF000DE4E4 /* DataController.swift in Sources */ = {isa = PBXBuildFile; fileRef = EBB9F4AD2723C0CF000DE4E4 /* DataController.swift */; };
		EBB9F4B02723C8B9000DE4E4 /* SetupView.swift in Sources */ = {isa = PBXBuildFile; fileRef = EBB9F4AF2723C8B9000DE4E4 /* SetupView.swift */; };
		EBB9F4B22723DC15000DE4E4 /* CoffeeViewModel.swift in Sources */ = {isa = PBXBuildFile; fileRef = EBB9F4B12723DC15000DE4E4 /* CoffeeViewModel.swift */; };
		EBDE4FBC271D0B2200A4FDBC /* DailyCoffeeApp.swift in Sources */ = {isa = PBXBuildFile; fileRef = EBDE4FBB271D0B2200A4FDBC /* DailyCoffeeApp.swift */; };
		EBDE4FC0271D0B2300A4FDBC /* Assets.xcassets in Resources */ = {isa = PBXBuildFile; fileRef = EBDE4FBF271D0B2300A4FDBC /* Assets.xcassets */; };
		EBDE4FC3271D0B2300A4FDBC /* Preview Assets.xcassets in Resources */ = {isa = PBXBuildFile; fileRef = EBDE4FC2271D0B2300A4FDBC /* Preview Assets.xcassets */; };
		EBDE4FC8271D0B2300A4FDBC /* DailyCoffee.xcdatamodeld in Sources */ = {isa = PBXBuildFile; fileRef = EBDE4FC6271D0B2300A4FDBC /* DailyCoffee.xcdatamodeld */; };
		EBDE4FD2271D0B2300A4FDBC /* DailyCoffeeTests.swift in Sources */ = {isa = PBXBuildFile; fileRef = EBDE4FD1271D0B2300A4FDBC /* DailyCoffeeTests.swift */; };
		EBDE4FDC271D0B2300A4FDBC /* DailyCoffeeUITests.swift in Sources */ = {isa = PBXBuildFile; fileRef = EBDE4FDB271D0B2300A4FDBC /* DailyCoffeeUITests.swift */; };
		EBDE4FDE271D0B2300A4FDBC /* DailyCoffeeUITestsLaunchTests.swift in Sources */ = {isa = PBXBuildFile; fileRef = EBDE4FDD271D0B2300A4FDBC /* DailyCoffeeUITestsLaunchTests.swift */; };
		EBDE4FEB271D0DD900A4FDBC /* GoogleService-Info.plist in Resources */ = {isa = PBXBuildFile; fileRef = EBDE4FEA271D0DD900A4FDBC /* GoogleService-Info.plist */; };
		EBDE4FF1271D148B00A4FDBC /* HomeView.swift in Sources */ = {isa = PBXBuildFile; fileRef = EBDE4FF0271D148B00A4FDBC /* HomeView.swift */; };
		EBDE4FF3271D149300A4FDBC /* HistoryView.swift in Sources */ = {isa = PBXBuildFile; fileRef = EBDE4FF2271D149300A4FDBC /* HistoryView.swift */; };
		EBDE4FF5271D149D00A4FDBC /* MapView.swift in Sources */ = {isa = PBXBuildFile; fileRef = EBDE4FF4271D149D00A4FDBC /* MapView.swift */; };
		EBDE4FF7271D14E000A4FDBC /* FavoriteView.swift in Sources */ = {isa = PBXBuildFile; fileRef = EBDE4FF6271D14E000A4FDBC /* FavoriteView.swift */; };
		EBDE4FF9271D1FA100A4FDBC /* DetailView.swift in Sources */ = {isa = PBXBuildFile; fileRef = EBDE4FF8271D1FA100A4FDBC /* DetailView.swift */; };
		EBDE4FFB271D1FA900A4FDBC /* SettingsView.swift in Sources */ = {isa = PBXBuildFile; fileRef = EBDE4FFA271D1FA900A4FDBC /* SettingsView.swift */; };
		EBDE4FFD271D1FBC00A4FDBC /* CustomTabBarView.swift in Sources */ = {isa = PBXBuildFile; fileRef = EBDE4FFC271D1FBC00A4FDBC /* CustomTabBarView.swift */; };
		EBDE4FFF271D1FC600A4FDBC /* CustomAlertView.swift in Sources */ = {isa = PBXBuildFile; fileRef = EBDE4FFE271D1FC600A4FDBC /* CustomAlertView.swift */; };
		EBDE5002271D26DF00A4FDBC /* ColorExtension.swift in Sources */ = {isa = PBXBuildFile; fileRef = EBDE5001271D26DF00A4FDBC /* ColorExtension.swift */; };
		EBDE5004271D3A6300A4FDBC /* CustomTabContainerView.swift in Sources */ = {isa = PBXBuildFile; fileRef = EBDE5003271D3A6300A4FDBC /* CustomTabContainerView.swift */; };
		EBDE5006271D437B00A4FDBC /* CustomTabPreferenceKey.swift in Sources */ = {isa = PBXBuildFile; fileRef = EBDE5005271D437B00A4FDBC /* CustomTabPreferenceKey.swift */; };
		EBDE5008271D464100A4FDBC /* CustomTabView.swift in Sources */ = {isa = PBXBuildFile; fileRef = EBDE5007271D464100A4FDBC /* CustomTabView.swift */; };
		EBDE500B271D498100A4FDBC /* CustomTabBarItem.swift in Sources */ = {isa = PBXBuildFile; fileRef = EBDE500A271D498100A4FDBC /* CustomTabBarItem.swift */; };
		EBDE500D271D506D00A4FDBC /* LaunchScreen.storyboard in Resources */ = {isa = PBXBuildFile; fileRef = EBDE500C271D506D00A4FDBC /* LaunchScreen.storyboard */; };
/* End PBXBuildFile section */

/* Begin PBXContainerItemProxy section */
		EBDE4FCE271D0B2300A4FDBC /* PBXContainerItemProxy */ = {
			isa = PBXContainerItemProxy;
			containerPortal = EBDE4FB0271D0B2200A4FDBC /* Project object */;
			proxyType = 1;
			remoteGlobalIDString = EBDE4FB7271D0B2200A4FDBC;
			remoteInfo = DailyCoffee;
		};
		EBDE4FD8271D0B2300A4FDBC /* PBXContainerItemProxy */ = {
			isa = PBXContainerItemProxy;
			containerPortal = EBDE4FB0271D0B2200A4FDBC /* Project object */;
			proxyType = 1;
			remoteGlobalIDString = EBDE4FB7271D0B2200A4FDBC;
			remoteInfo = DailyCoffee;
		};
/* End PBXContainerItemProxy section */

/* Begin PBXFileReference section */
		35B15FED2728444400718E75 /* DetailCafeViewModel.swift */ = {isa = PBXFileReference; lastKnownFileType = sourcecode.swift; path = DetailCafeViewModel.swift; sourceTree = "<group>"; };
		598842B2CEF1C336BA0D004B /* Pods_DailyCoffeeTests.framework */ = {isa = PBXFileReference; explicitFileType = wrapper.framework; includeInIndex = 0; path = Pods_DailyCoffeeTests.framework; sourceTree = BUILT_PRODUCTS_DIR; };
		5AB9648006DB019D1C7330E3 /* Pods-DailyCoffeeTests.debug.xcconfig */ = {isa = PBXFileReference; includeInIndex = 1; lastKnownFileType = text.xcconfig; name = "Pods-DailyCoffeeTests.debug.xcconfig"; path = "Target Support Files/Pods-DailyCoffeeTests/Pods-DailyCoffeeTests.debug.xcconfig"; sourceTree = "<group>"; };
		7E1242E6AAF44E61FE9D26F8 /* Pods-DailyCoffee-DailyCoffeeUITests.debug.xcconfig */ = {isa = PBXFileReference; includeInIndex = 1; lastKnownFileType = text.xcconfig; name = "Pods-DailyCoffee-DailyCoffeeUITests.debug.xcconfig"; path = "Target Support Files/Pods-DailyCoffee-DailyCoffeeUITests/Pods-DailyCoffee-DailyCoffeeUITests.debug.xcconfig"; sourceTree = "<group>"; };
		9069C738469C12C9DEB60FB0 /* Pods-DailyCoffeeTests.release.xcconfig */ = {isa = PBXFileReference; includeInIndex = 1; lastKnownFileType = text.xcconfig; name = "Pods-DailyCoffeeTests.release.xcconfig"; path = "Target Support Files/Pods-DailyCoffeeTests/Pods-DailyCoffeeTests.release.xcconfig"; sourceTree = "<group>"; };
		98930E2EA578BD1805BE9DB5 /* Pods_DailyCoffee_DailyCoffeeUITests.framework */ = {isa = PBXFileReference; explicitFileType = wrapper.framework; includeInIndex = 0; path = Pods_DailyCoffee_DailyCoffeeUITests.framework; sourceTree = BUILT_PRODUCTS_DIR; };
		A0A25FD2107DC1168D713393 /* Pods_DailyCoffee.framework */ = {isa = PBXFileReference; explicitFileType = wrapper.framework; includeInIndex = 0; path = Pods_DailyCoffee.framework; sourceTree = BUILT_PRODUCTS_DIR; };
		A585935A88948CA810DC5DE6 /* Pods-DailyCoffee.release.xcconfig */ = {isa = PBXFileReference; includeInIndex = 1; lastKnownFileType = text.xcconfig; name = "Pods-DailyCoffee.release.xcconfig"; path = "Target Support Files/Pods-DailyCoffee/Pods-DailyCoffee.release.xcconfig"; sourceTree = "<group>"; };
		AF94A45427426BC000D38043 /* MailViewModel.swift */ = {isa = PBXFileReference; lastKnownFileType = sourcecode.swift; path = MailViewModel.swift; sourceTree = "<group>"; };
		AF94A45727426C1C00D38043 /* ProfileView.swift */ = {isa = PBXFileReference; lastKnownFileType = sourcecode.swift; path = ProfileView.swift; sourceTree = "<group>"; };
		AF94A45B2743AD9800D38043 /* MakePeopleView.swift */ = {isa = PBXFileReference; lastKnownFileType = sourcecode.swift; path = MakePeopleView.swift; sourceTree = "<group>"; };
		AF94A45D2743ADA800D38043 /* OpenSourceView.swift */ = {isa = PBXFileReference; lastKnownFileType = sourcecode.swift; path = OpenSourceView.swift; sourceTree = "<group>"; };
		B641307930231221C740A517 /* Pods-DailyCoffee-DailyCoffeeUITests.release.xcconfig */ = {isa = PBXFileReference; includeInIndex = 1; lastKnownFileType = text.xcconfig; name = "Pods-DailyCoffee-DailyCoffeeUITests.release.xcconfig"; path = "Target Support Files/Pods-DailyCoffee-DailyCoffeeUITests/Pods-DailyCoffee-DailyCoffeeUITests.release.xcconfig"; sourceTree = "<group>"; };
		EB32401D2725349500A26BA0 /* GMView.swift */ = {isa = PBXFileReference; lastKnownFileType = sourcecode.swift; path = GMView.swift; sourceTree = "<group>"; };
		EB324023272535EC00A26BA0 /* CafeViewModel.swift */ = {isa = PBXFileReference; lastKnownFileType = sourcecode.swift; path = CafeViewModel.swift; sourceTree = "<group>"; };
		EB32402627256D8400A26BA0 /* TextFieldAlert.swift */ = {isa = PBXFileReference; lastKnownFileType = sourcecode.swift; path = TextFieldAlert.swift; sourceTree = "<group>"; };
		EB32402827256E3000A26BA0 /* UIAlertControllerExtension.swift */ = {isa = PBXFileReference; lastKnownFileType = sourcecode.swift; path = UIAlertControllerExtension.swift; sourceTree = "<group>"; };
		EB32402A27256E8F00A26BA0 /* ViewExtension.swift */ = {isa = PBXFileReference; lastKnownFileType = sourcecode.swift; path = ViewExtension.swift; sourceTree = "<group>"; };
		EB32402D27256ED100A26BA0 /* AlertWrapper.swift */ = {isa = PBXFileReference; lastKnownFileType = sourcecode.swift; path = AlertWrapper.swift; sourceTree = "<group>"; };
		EB324031272572F500A26BA0 /* AddCafeView.swift */ = {isa = PBXFileReference; lastKnownFileType = sourcecode.swift; path = AddCafeView.swift; sourceTree = "<group>"; };
		EB4034A527227F9700B2C10D /* DetailViewModel.swift */ = {isa = PBXFileReference; lastKnownFileType = sourcecode.swift; path = DetailViewModel.swift; sourceTree = "<group>"; };
		EB4034A72722884500B2C10D /* ImagePickerModel.swift */ = {isa = PBXFileReference; lastKnownFileType = sourcecode.swift; path = ImagePickerModel.swift; sourceTree = "<group>"; };
		EB7943C02726B44F00668698 /* RoundedCorner.swift */ = {isa = PBXFileReference; lastKnownFileType = sourcecode.swift; path = RoundedCorner.swift; sourceTree = "<group>"; };
		EB7943C32726D97100668698 /* DetailCafeView.swift */ = {isa = PBXFileReference; lastKnownFileType = sourcecode.swift; path = DetailCafeView.swift; sourceTree = "<group>"; };
		EBB9F4A92723A45E000DE4E4 /* InputView.swift */ = {isa = PBXFileReference; lastKnownFileType = sourcecode.swift; path = InputView.swift; sourceTree = "<group>"; };
		EBB9F4AB2723C036000DE4E4 /* UserViewModel.swift */ = {isa = PBXFileReference; lastKnownFileType = sourcecode.swift; path = UserViewModel.swift; sourceTree = "<group>"; };
		EBB9F4AD2723C0CF000DE4E4 /* DataController.swift */ = {isa = PBXFileReference; lastKnownFileType = sourcecode.swift; path = DataController.swift; sourceTree = "<group>"; };
		EBB9F4AF2723C8B9000DE4E4 /* SetupView.swift */ = {isa = PBXFileReference; lastKnownFileType = sourcecode.swift; path = SetupView.swift; sourceTree = "<group>"; };
		EBB9F4B12723DC15000DE4E4 /* CoffeeViewModel.swift */ = {isa = PBXFileReference; lastKnownFileType = sourcecode.swift; path = CoffeeViewModel.swift; sourceTree = "<group>"; };
		EBDE4FB8271D0B2200A4FDBC /* DailyCoffee.app */ = {isa = PBXFileReference; explicitFileType = wrapper.application; includeInIndex = 0; path = DailyCoffee.app; sourceTree = BUILT_PRODUCTS_DIR; };
		EBDE4FBB271D0B2200A4FDBC /* DailyCoffeeApp.swift */ = {isa = PBXFileReference; lastKnownFileType = sourcecode.swift; path = DailyCoffeeApp.swift; sourceTree = "<group>"; };
		EBDE4FBF271D0B2300A4FDBC /* Assets.xcassets */ = {isa = PBXFileReference; lastKnownFileType = folder.assetcatalog; path = Assets.xcassets; sourceTree = "<group>"; };
		EBDE4FC2271D0B2300A4FDBC /* Preview Assets.xcassets */ = {isa = PBXFileReference; lastKnownFileType = folder.assetcatalog; path = "Preview Assets.xcassets"; sourceTree = "<group>"; };
		EBDE4FC7271D0B2300A4FDBC /* DailyCoffee.xcdatamodel */ = {isa = PBXFileReference; lastKnownFileType = wrapper.xcdatamodel; path = DailyCoffee.xcdatamodel; sourceTree = "<group>"; };
		EBDE4FCD271D0B2300A4FDBC /* DailyCoffeeTests.xctest */ = {isa = PBXFileReference; explicitFileType = wrapper.cfbundle; includeInIndex = 0; path = DailyCoffeeTests.xctest; sourceTree = BUILT_PRODUCTS_DIR; };
		EBDE4FD1271D0B2300A4FDBC /* DailyCoffeeTests.swift */ = {isa = PBXFileReference; lastKnownFileType = sourcecode.swift; path = DailyCoffeeTests.swift; sourceTree = "<group>"; };
		EBDE4FD7271D0B2300A4FDBC /* DailyCoffeeUITests.xctest */ = {isa = PBXFileReference; explicitFileType = wrapper.cfbundle; includeInIndex = 0; path = DailyCoffeeUITests.xctest; sourceTree = BUILT_PRODUCTS_DIR; };
		EBDE4FDB271D0B2300A4FDBC /* DailyCoffeeUITests.swift */ = {isa = PBXFileReference; lastKnownFileType = sourcecode.swift; path = DailyCoffeeUITests.swift; sourceTree = "<group>"; };
		EBDE4FDD271D0B2300A4FDBC /* DailyCoffeeUITestsLaunchTests.swift */ = {isa = PBXFileReference; lastKnownFileType = sourcecode.swift; path = DailyCoffeeUITestsLaunchTests.swift; sourceTree = "<group>"; };
		EBDE4FEA271D0DD900A4FDBC /* GoogleService-Info.plist */ = {isa = PBXFileReference; fileEncoding = 4; lastKnownFileType = text.plist.xml; path = "GoogleService-Info.plist"; sourceTree = "<group>"; };
		EBDE4FF0271D148B00A4FDBC /* HomeView.swift */ = {isa = PBXFileReference; lastKnownFileType = sourcecode.swift; path = HomeView.swift; sourceTree = "<group>"; };
		EBDE4FF2271D149300A4FDBC /* HistoryView.swift */ = {isa = PBXFileReference; lastKnownFileType = sourcecode.swift; path = HistoryView.swift; sourceTree = "<group>"; };
		EBDE4FF4271D149D00A4FDBC /* MapView.swift */ = {isa = PBXFileReference; lastKnownFileType = sourcecode.swift; path = MapView.swift; sourceTree = "<group>"; };
		EBDE4FF6271D14E000A4FDBC /* FavoriteView.swift */ = {isa = PBXFileReference; lastKnownFileType = sourcecode.swift; path = FavoriteView.swift; sourceTree = "<group>"; };
		EBDE4FF8271D1FA100A4FDBC /* DetailView.swift */ = {isa = PBXFileReference; lastKnownFileType = sourcecode.swift; path = DetailView.swift; sourceTree = "<group>"; };
		EBDE4FFA271D1FA900A4FDBC /* SettingsView.swift */ = {isa = PBXFileReference; lastKnownFileType = sourcecode.swift; path = SettingsView.swift; sourceTree = "<group>"; };
		EBDE4FFC271D1FBC00A4FDBC /* CustomTabBarView.swift */ = {isa = PBXFileReference; lastKnownFileType = sourcecode.swift; path = CustomTabBarView.swift; sourceTree = "<group>"; };
		EBDE4FFE271D1FC600A4FDBC /* CustomAlertView.swift */ = {isa = PBXFileReference; lastKnownFileType = sourcecode.swift; path = CustomAlertView.swift; sourceTree = "<group>"; };
		EBDE5001271D26DF00A4FDBC /* ColorExtension.swift */ = {isa = PBXFileReference; lastKnownFileType = sourcecode.swift; path = ColorExtension.swift; sourceTree = "<group>"; };
		EBDE5003271D3A6300A4FDBC /* CustomTabContainerView.swift */ = {isa = PBXFileReference; lastKnownFileType = sourcecode.swift; path = CustomTabContainerView.swift; sourceTree = "<group>"; };
		EBDE5005271D437B00A4FDBC /* CustomTabPreferenceKey.swift */ = {isa = PBXFileReference; lastKnownFileType = sourcecode.swift; path = CustomTabPreferenceKey.swift; sourceTree = "<group>"; };
		EBDE5007271D464100A4FDBC /* CustomTabView.swift */ = {isa = PBXFileReference; lastKnownFileType = sourcecode.swift; path = CustomTabView.swift; sourceTree = "<group>"; };
		EBDE500A271D498100A4FDBC /* CustomTabBarItem.swift */ = {isa = PBXFileReference; lastKnownFileType = sourcecode.swift; path = CustomTabBarItem.swift; sourceTree = "<group>"; };
		EBDE500C271D506D00A4FDBC /* LaunchScreen.storyboard */ = {isa = PBXFileReference; lastKnownFileType = file.storyboard; path = LaunchScreen.storyboard; sourceTree = "<group>"; };
		F973BE6637BA95FB7BFD206D /* Pods-DailyCoffee.debug.xcconfig */ = {isa = PBXFileReference; includeInIndex = 1; lastKnownFileType = text.xcconfig; name = "Pods-DailyCoffee.debug.xcconfig"; path = "Target Support Files/Pods-DailyCoffee/Pods-DailyCoffee.debug.xcconfig"; sourceTree = "<group>"; };
/* End PBXFileReference section */

/* Begin PBXFrameworksBuildPhase section */
		EBDE4FB5271D0B2200A4FDBC /* Frameworks */ = {
			isa = PBXFrameworksBuildPhase;
			buildActionMask = 2147483647;
			files = (
				8C150150138B8EE07F2E2262 /* Pods_DailyCoffee.framework in Frameworks */,
			);
			runOnlyForDeploymentPostprocessing = 0;
		};
		EBDE4FCA271D0B2300A4FDBC /* Frameworks */ = {
			isa = PBXFrameworksBuildPhase;
			buildActionMask = 2147483647;
			files = (
				040F0D05587FDF583FB1F2A0 /* Pods_DailyCoffeeTests.framework in Frameworks */,
			);
			runOnlyForDeploymentPostprocessing = 0;
		};
		EBDE4FD4271D0B2300A4FDBC /* Frameworks */ = {
			isa = PBXFrameworksBuildPhase;
			buildActionMask = 2147483647;
			files = (
				0D508C5D6B340F82C18377E9 /* Pods_DailyCoffee_DailyCoffeeUITests.framework in Frameworks */,
			);
			runOnlyForDeploymentPostprocessing = 0;
		};
/* End PBXFrameworksBuildPhase section */

/* Begin PBXGroup section */
		6C580FCBCA151737967EE561 /* Pods */ = {
			isa = PBXGroup;
			children = (
				F973BE6637BA95FB7BFD206D /* Pods-DailyCoffee.debug.xcconfig */,
				A585935A88948CA810DC5DE6 /* Pods-DailyCoffee.release.xcconfig */,
				7E1242E6AAF44E61FE9D26F8 /* Pods-DailyCoffee-DailyCoffeeUITests.debug.xcconfig */,
				B641307930231221C740A517 /* Pods-DailyCoffee-DailyCoffeeUITests.release.xcconfig */,
				5AB9648006DB019D1C7330E3 /* Pods-DailyCoffeeTests.debug.xcconfig */,
				9069C738469C12C9DEB60FB0 /* Pods-DailyCoffeeTests.release.xcconfig */,
			);
			path = Pods;
			sourceTree = "<group>";
		};
		9328DE9E264A900DEC5CD2B5 /* Frameworks */ = {
			isa = PBXGroup;
			children = (
				A0A25FD2107DC1168D713393 /* Pods_DailyCoffee.framework */,
				98930E2EA578BD1805BE9DB5 /* Pods_DailyCoffee_DailyCoffeeUITests.framework */,
				598842B2CEF1C336BA0D004B /* Pods_DailyCoffeeTests.framework */,
			);
			name = Frameworks;
			sourceTree = "<group>";
		};
		AF94A45327426BA500D38043 /* MailViewModel */ = {
			isa = PBXGroup;
			children = (
				AF94A45427426BC000D38043 /* MailViewModel.swift */,
			);
			path = MailViewModel;
			sourceTree = "<group>";
		};
		AF94A45627426C0000D38043 /* SettingView */ = {
			isa = PBXGroup;
			children = (
				EBDE4FFA271D1FA900A4FDBC /* SettingsView.swift */,
				AF94A45727426C1C00D38043 /* ProfileView.swift */,
				AF94A45B2743AD9800D38043 /* MakePeopleView.swift */,
				AF94A45D2743ADA800D38043 /* OpenSourceView.swift */,
			);
			path = SettingView;
			sourceTree = "<group>";
		};
		EB32402527256D6F00A26BA0 /* TextFieldAlert */ = {
			isa = PBXGroup;
			children = (
				EB32402D27256ED100A26BA0 /* AlertWrapper.swift */,
				EB32402627256D8400A26BA0 /* TextFieldAlert.swift */,
			);
			path = TextFieldAlert;
			sourceTree = "<group>";
		};
		EB32402C27256EBE00A26BA0 /* CustomModels */ = {
			isa = PBXGroup;
			children = (
				AF94A45327426BA500D38043 /* MailViewModel */,
				EB7943BF2726B43800668698 /* RoundedCorner */,
				EB32403027256FF400A26BA0 /* ImagePicker */,
				EB32402F27256FB000A26BA0 /* GoogleMap */,
				EB32402527256D6F00A26BA0 /* TextFieldAlert */,
			);
			path = CustomModels;
			sourceTree = "<group>";
		};
		EB32402F27256FB000A26BA0 /* GoogleMap */ = {
			isa = PBXGroup;
			children = (
				EB32401D2725349500A26BA0 /* GMView.swift */,
			);
			path = GoogleMap;
			sourceTree = "<group>";
		};
		EB32403027256FF400A26BA0 /* ImagePicker */ = {
			isa = PBXGroup;
			children = (
				EB4034A72722884500B2C10D /* ImagePickerModel.swift */,
			);
			path = ImagePicker;
			sourceTree = "<group>";
		};
		EB40349F272251AB00B2C10D /* ViewModels */ = {
			isa = PBXGroup;
			children = (
				EB4034A527227F9700B2C10D /* DetailViewModel.swift */,
				EBB9F4AB2723C036000DE4E4 /* UserViewModel.swift */,
				EBB9F4B12723DC15000DE4E4 /* CoffeeViewModel.swift */,
				EB324023272535EC00A26BA0 /* CafeViewModel.swift */,
				35B15FED2728444400718E75 /* DetailCafeViewModel.swift */,
			);
			path = ViewModels;
			sourceTree = "<group>";
		};
		EB7943BF2726B43800668698 /* RoundedCorner */ = {
			isa = PBXGroup;
			children = (
				EB7943C02726B44F00668698 /* RoundedCorner.swift */,
			);
			path = RoundedCorner;
			sourceTree = "<group>";
		};
		EB7943C22726B75100668698 /* MapView */ = {
			isa = PBXGroup;
			children = (
				EB324031272572F500A26BA0 /* AddCafeView.swift */,
				EBDE4FF4271D149D00A4FDBC /* MapView.swift */,
				EB7943C32726D97100668698 /* DetailCafeView.swift */,
			);
			path = MapView;
			sourceTree = "<group>";
		};
		EBB9F4A727239B4E000DE4E4 /* DataModel */ = {
			isa = PBXGroup;
			children = (
				EBDE4FC6271D0B2300A4FDBC /* DailyCoffee.xcdatamodeld */,
				EBB9F4AD2723C0CF000DE4E4 /* DataController.swift */,
			);
			path = DataModel;
			sourceTree = "<group>";
		};
		EBB9F4A82723A42F000DE4E4 /* FavoriteView */ = {
			isa = PBXGroup;
			children = (
				EBDE4FF6271D14E000A4FDBC /* FavoriteView.swift */,
				EBDE4FF8271D1FA100A4FDBC /* DetailView.swift */,
				EBB9F4A92723A45E000DE4E4 /* InputView.swift */,
			);
			path = FavoriteView;
			sourceTree = "<group>";
		};
		EBDE4FAF271D0B2200A4FDBC = {
			isa = PBXGroup;
			children = (
				EBDE4FBA271D0B2200A4FDBC /* DailyCoffee */,
				EBDE4FD0271D0B2300A4FDBC /* DailyCoffeeTests */,
				EBDE4FDA271D0B2300A4FDBC /* DailyCoffeeUITests */,
				EBDE4FB9271D0B2200A4FDBC /* Products */,
				6C580FCBCA151737967EE561 /* Pods */,
				9328DE9E264A900DEC5CD2B5 /* Frameworks */,
			);
			sourceTree = "<group>";
		};
		EBDE4FB9271D0B2200A4FDBC /* Products */ = {
			isa = PBXGroup;
			children = (
				EBDE4FB8271D0B2200A4FDBC /* DailyCoffee.app */,
				EBDE4FCD271D0B2300A4FDBC /* DailyCoffeeTests.xctest */,
				EBDE4FD7271D0B2300A4FDBC /* DailyCoffeeUITests.xctest */,
			);
			name = Products;
			sourceTree = "<group>";
		};
		EBDE4FBA271D0B2200A4FDBC /* DailyCoffee */ = {
			isa = PBXGroup;
			children = (
				EBDE4FED271D138100A4FDBC /* Models */,
				EB40349F272251AB00B2C10D /* ViewModels */,
				EBDE4FEC271D137800A4FDBC /* Views */,
				EBDE4FEA271D0DD900A4FDBC /* GoogleService-Info.plist */,
				EBDE4FBB271D0B2200A4FDBC /* DailyCoffeeApp.swift */,
				EBDE4FBF271D0B2300A4FDBC /* Assets.xcassets */,
				EBDE500C271D506D00A4FDBC /* LaunchScreen.storyboard */,
				EBDE4FC1271D0B2300A4FDBC /* Preview Content */,
			);
			path = DailyCoffee;
			sourceTree = "<group>";
		};
		EBDE4FC1271D0B2300A4FDBC /* Preview Content */ = {
			isa = PBXGroup;
			children = (
				EBDE4FC2271D0B2300A4FDBC /* Preview Assets.xcassets */,
			);
			path = "Preview Content";
			sourceTree = "<group>";
		};
		EBDE4FD0271D0B2300A4FDBC /* DailyCoffeeTests */ = {
			isa = PBXGroup;
			children = (
				EBDE4FD1271D0B2300A4FDBC /* DailyCoffeeTests.swift */,
			);
			path = DailyCoffeeTests;
			sourceTree = "<group>";
		};
		EBDE4FDA271D0B2300A4FDBC /* DailyCoffeeUITests */ = {
			isa = PBXGroup;
			children = (
				EBDE4FDB271D0B2300A4FDBC /* DailyCoffeeUITests.swift */,
				EBDE4FDD271D0B2300A4FDBC /* DailyCoffeeUITestsLaunchTests.swift */,
			);
			path = DailyCoffeeUITests;
			sourceTree = "<group>";
		};
		EBDE4FEC271D137800A4FDBC /* Views */ = {
			isa = PBXGroup;
			children = (
				EBDE4FEF271D146600A4FDBC /* MainViews */,
				EBDE4FEE271D145B00A4FDBC /* Subviews */,
			);
			path = Views;
			sourceTree = "<group>";
		};
		EBDE4FED271D138100A4FDBC /* Models */ = {
			isa = PBXGroup;
			children = (
				EB32402C27256EBE00A26BA0 /* CustomModels */,
				EBB9F4A727239B4E000DE4E4 /* DataModel */,
				EBDE5000271D26B400A4FDBC /* Extensions */,
			);
			path = Models;
			sourceTree = "<group>";
		};
		EBDE4FEE271D145B00A4FDBC /* Subviews */ = {
			isa = PBXGroup;
			children = (
				EBDE4FFE271D1FC600A4FDBC /* CustomAlertView.swift */,
				EBDE5009271D495600A4FDBC /* CustomTabView */,
			);
			path = Subviews;
			sourceTree = "<group>";
		};
		EBDE4FEF271D146600A4FDBC /* MainViews */ = {
			isa = PBXGroup;
			children = (
				EB7943C22726B75100668698 /* MapView */,
				EBB9F4A82723A42F000DE4E4 /* FavoriteView */,
				EBDE4FF0271D148B00A4FDBC /* HomeView.swift */,
				EBDE4FF2271D149300A4FDBC /* HistoryView.swift */,
				AF94A45627426C0000D38043 /* SettingView */,
				EBDE5007271D464100A4FDBC /* CustomTabView.swift */,
				EBB9F4AF2723C8B9000DE4E4 /* SetupView.swift */,
			);
			path = MainViews;
			sourceTree = "<group>";
		};
		EBDE5000271D26B400A4FDBC /* Extensions */ = {
			isa = PBXGroup;
			children = (
				EBDE5001271D26DF00A4FDBC /* ColorExtension.swift */,
				EB32402827256E3000A26BA0 /* UIAlertControllerExtension.swift */,
				EB32402A27256E8F00A26BA0 /* ViewExtension.swift */,
			);
			path = Extensions;
			sourceTree = "<group>";
		};
		EBDE5009271D495600A4FDBC /* CustomTabView */ = {
			isa = PBXGroup;
			children = (
				EBDE5005271D437B00A4FDBC /* CustomTabPreferenceKey.swift */,
				EBDE5003271D3A6300A4FDBC /* CustomTabContainerView.swift */,
				EBDE4FFC271D1FBC00A4FDBC /* CustomTabBarView.swift */,
				EBDE500A271D498100A4FDBC /* CustomTabBarItem.swift */,
			);
			path = CustomTabView;
			sourceTree = "<group>";
		};
/* End PBXGroup section */

/* Begin PBXNativeTarget section */
		EBDE4FB7271D0B2200A4FDBC /* DailyCoffee */ = {
			isa = PBXNativeTarget;
			buildConfigurationList = EBDE4FE1271D0B2300A4FDBC /* Build configuration list for PBXNativeTarget "DailyCoffee" */;
			buildPhases = (
				0A6898E7BD98FE50609F72FE /* [CP] Check Pods Manifest.lock */,
				EBDE4FB4271D0B2200A4FDBC /* Sources */,
				EBDE4FB5271D0B2200A4FDBC /* Frameworks */,
				EBDE4FB6271D0B2200A4FDBC /* Resources */,
				F2C251F42CBEDB5026C07C10 /* [CP] Embed Pods Frameworks */,
				926448752BF85B49ECC5228D /* [CP] Copy Pods Resources */,
			);
			buildRules = (
			);
			dependencies = (
			);
			name = DailyCoffee;
			productName = DailyCoffee;
			productReference = EBDE4FB8271D0B2200A4FDBC /* DailyCoffee.app */;
			productType = "com.apple.product-type.application";
		};
		EBDE4FCC271D0B2300A4FDBC /* DailyCoffeeTests */ = {
			isa = PBXNativeTarget;
			buildConfigurationList = EBDE4FE4271D0B2300A4FDBC /* Build configuration list for PBXNativeTarget "DailyCoffeeTests" */;
			buildPhases = (
				6CF0A711166F25E01F3B6C38 /* [CP] Check Pods Manifest.lock */,
				EBDE4FC9271D0B2300A4FDBC /* Sources */,
				EBDE4FCA271D0B2300A4FDBC /* Frameworks */,
				EBDE4FCB271D0B2300A4FDBC /* Resources */,
			);
			buildRules = (
			);
			dependencies = (
				EBDE4FCF271D0B2300A4FDBC /* PBXTargetDependency */,
			);
			name = DailyCoffeeTests;
			productName = DailyCoffeeTests;
			productReference = EBDE4FCD271D0B2300A4FDBC /* DailyCoffeeTests.xctest */;
			productType = "com.apple.product-type.bundle.unit-test";
		};
		EBDE4FD6271D0B2300A4FDBC /* DailyCoffeeUITests */ = {
			isa = PBXNativeTarget;
			buildConfigurationList = EBDE4FE7271D0B2300A4FDBC /* Build configuration list for PBXNativeTarget "DailyCoffeeUITests" */;
			buildPhases = (
				0D3D924F82B72A06BDF80836 /* [CP] Check Pods Manifest.lock */,
				EBDE4FD3271D0B2300A4FDBC /* Sources */,
				EBDE4FD4271D0B2300A4FDBC /* Frameworks */,
				EBDE4FD5271D0B2300A4FDBC /* Resources */,
				B2C1FDB7DB81411F8FC2B4E0 /* [CP] Embed Pods Frameworks */,
				76EF925E0D1F05BE598A3C9F /* [CP] Copy Pods Resources */,
			);
			buildRules = (
			);
			dependencies = (
				EBDE4FD9271D0B2300A4FDBC /* PBXTargetDependency */,
			);
			name = DailyCoffeeUITests;
			productName = DailyCoffeeUITests;
			productReference = EBDE4FD7271D0B2300A4FDBC /* DailyCoffeeUITests.xctest */;
			productType = "com.apple.product-type.bundle.ui-testing";
		};
/* End PBXNativeTarget section */

/* Begin PBXProject section */
		EBDE4FB0271D0B2200A4FDBC /* Project object */ = {
			isa = PBXProject;
			attributes = {
				BuildIndependentTargetsInParallel = 1;
				LastSwiftUpdateCheck = 1300;
				LastUpgradeCheck = 1300;
				TargetAttributes = {
					EBDE4FB7271D0B2200A4FDBC = {
						CreatedOnToolsVersion = 13.0;
					};
					EBDE4FCC271D0B2300A4FDBC = {
						CreatedOnToolsVersion = 13.0;
						TestTargetID = EBDE4FB7271D0B2200A4FDBC;
					};
					EBDE4FD6271D0B2300A4FDBC = {
						CreatedOnToolsVersion = 13.0;
						TestTargetID = EBDE4FB7271D0B2200A4FDBC;
					};
				};
			};
			buildConfigurationList = EBDE4FB3271D0B2200A4FDBC /* Build configuration list for PBXProject "DailyCoffee" */;
			compatibilityVersion = "Xcode 13.0";
			developmentRegion = en;
			hasScannedForEncodings = 0;
			knownRegions = (
				en,
				Base,
			);
			mainGroup = EBDE4FAF271D0B2200A4FDBC;
			productRefGroup = EBDE4FB9271D0B2200A4FDBC /* Products */;
			projectDirPath = "";
			projectRoot = "";
			targets = (
				EBDE4FB7271D0B2200A4FDBC /* DailyCoffee */,
				EBDE4FCC271D0B2300A4FDBC /* DailyCoffeeTests */,
				EBDE4FD6271D0B2300A4FDBC /* DailyCoffeeUITests */,
			);
		};
/* End PBXProject section */

/* Begin PBXResourcesBuildPhase section */
		EBDE4FB6271D0B2200A4FDBC /* Resources */ = {
			isa = PBXResourcesBuildPhase;
			buildActionMask = 2147483647;
			files = (
				EBDE4FC3271D0B2300A4FDBC /* Preview Assets.xcassets in Resources */,
				EBDE500D271D506D00A4FDBC /* LaunchScreen.storyboard in Resources */,
				EBDE4FC0271D0B2300A4FDBC /* Assets.xcassets in Resources */,
				EBDE4FEB271D0DD900A4FDBC /* GoogleService-Info.plist in Resources */,
			);
			runOnlyForDeploymentPostprocessing = 0;
		};
		EBDE4FCB271D0B2300A4FDBC /* Resources */ = {
			isa = PBXResourcesBuildPhase;
			buildActionMask = 2147483647;
			files = (
			);
			runOnlyForDeploymentPostprocessing = 0;
		};
		EBDE4FD5271D0B2300A4FDBC /* Resources */ = {
			isa = PBXResourcesBuildPhase;
			buildActionMask = 2147483647;
			files = (
			);
			runOnlyForDeploymentPostprocessing = 0;
		};
/* End PBXResourcesBuildPhase section */

/* Begin PBXShellScriptBuildPhase section */
		0A6898E7BD98FE50609F72FE /* [CP] Check Pods Manifest.lock */ = {
			isa = PBXShellScriptBuildPhase;
			buildActionMask = 2147483647;
			files = (
			);
			inputFileListPaths = (
			);
			inputPaths = (
				"${PODS_PODFILE_DIR_PATH}/Podfile.lock",
				"${PODS_ROOT}/Manifest.lock",
			);
			name = "[CP] Check Pods Manifest.lock";
			outputFileListPaths = (
			);
			outputPaths = (
				"$(DERIVED_FILE_DIR)/Pods-DailyCoffee-checkManifestLockResult.txt",
			);
			runOnlyForDeploymentPostprocessing = 0;
			shellPath = /bin/sh;
			shellScript = "diff \"${PODS_PODFILE_DIR_PATH}/Podfile.lock\" \"${PODS_ROOT}/Manifest.lock\" > /dev/null\nif [ $? != 0 ] ; then\n    # print error to STDERR\n    echo \"error: The sandbox is not in sync with the Podfile.lock. Run 'pod install' or update your CocoaPods installation.\" >&2\n    exit 1\nfi\n# This output is used by Xcode 'outputs' to avoid re-running this script phase.\necho \"SUCCESS\" > \"${SCRIPT_OUTPUT_FILE_0}\"\n";
			showEnvVarsInLog = 0;
		};
		0D3D924F82B72A06BDF80836 /* [CP] Check Pods Manifest.lock */ = {
			isa = PBXShellScriptBuildPhase;
			buildActionMask = 2147483647;
			files = (
			);
			inputFileListPaths = (
			);
			inputPaths = (
				"${PODS_PODFILE_DIR_PATH}/Podfile.lock",
				"${PODS_ROOT}/Manifest.lock",
			);
			name = "[CP] Check Pods Manifest.lock";
			outputFileListPaths = (
			);
			outputPaths = (
				"$(DERIVED_FILE_DIR)/Pods-DailyCoffee-DailyCoffeeUITests-checkManifestLockResult.txt",
			);
			runOnlyForDeploymentPostprocessing = 0;
			shellPath = /bin/sh;
			shellScript = "diff \"${PODS_PODFILE_DIR_PATH}/Podfile.lock\" \"${PODS_ROOT}/Manifest.lock\" > /dev/null\nif [ $? != 0 ] ; then\n    # print error to STDERR\n    echo \"error: The sandbox is not in sync with the Podfile.lock. Run 'pod install' or update your CocoaPods installation.\" >&2\n    exit 1\nfi\n# This output is used by Xcode 'outputs' to avoid re-running this script phase.\necho \"SUCCESS\" > \"${SCRIPT_OUTPUT_FILE_0}\"\n";
			showEnvVarsInLog = 0;
		};
		6CF0A711166F25E01F3B6C38 /* [CP] Check Pods Manifest.lock */ = {
			isa = PBXShellScriptBuildPhase;
			buildActionMask = 2147483647;
			files = (
			);
			inputFileListPaths = (
			);
			inputPaths = (
				"${PODS_PODFILE_DIR_PATH}/Podfile.lock",
				"${PODS_ROOT}/Manifest.lock",
			);
			name = "[CP] Check Pods Manifest.lock";
			outputFileListPaths = (
			);
			outputPaths = (
				"$(DERIVED_FILE_DIR)/Pods-DailyCoffeeTests-checkManifestLockResult.txt",
			);
			runOnlyForDeploymentPostprocessing = 0;
			shellPath = /bin/sh;
			shellScript = "diff \"${PODS_PODFILE_DIR_PATH}/Podfile.lock\" \"${PODS_ROOT}/Manifest.lock\" > /dev/null\nif [ $? != 0 ] ; then\n    # print error to STDERR\n    echo \"error: The sandbox is not in sync with the Podfile.lock. Run 'pod install' or update your CocoaPods installation.\" >&2\n    exit 1\nfi\n# This output is used by Xcode 'outputs' to avoid re-running this script phase.\necho \"SUCCESS\" > \"${SCRIPT_OUTPUT_FILE_0}\"\n";
			showEnvVarsInLog = 0;
		};
		76EF925E0D1F05BE598A3C9F /* [CP] Copy Pods Resources */ = {
			isa = PBXShellScriptBuildPhase;
			buildActionMask = 2147483647;
			files = (
			);
			inputFileListPaths = (
				"${PODS_ROOT}/Target Support Files/Pods-DailyCoffee-DailyCoffeeUITests/Pods-DailyCoffee-DailyCoffeeUITests-resources-${CONFIGURATION}-input-files.xcfilelist",
			);
			name = "[CP] Copy Pods Resources";
			outputFileListPaths = (
				"${PODS_ROOT}/Target Support Files/Pods-DailyCoffee-DailyCoffeeUITests/Pods-DailyCoffee-DailyCoffeeUITests-resources-${CONFIGURATION}-output-files.xcfilelist",
			);
			runOnlyForDeploymentPostprocessing = 0;
			shellPath = /bin/sh;
			shellScript = "\"${PODS_ROOT}/Target Support Files/Pods-DailyCoffee-DailyCoffeeUITests/Pods-DailyCoffee-DailyCoffeeUITests-resources.sh\"\n";
			showEnvVarsInLog = 0;
		};
		926448752BF85B49ECC5228D /* [CP] Copy Pods Resources */ = {
			isa = PBXShellScriptBuildPhase;
			buildActionMask = 2147483647;
			files = (
			);
			inputFileListPaths = (
				"${PODS_ROOT}/Target Support Files/Pods-DailyCoffee/Pods-DailyCoffee-resources-${CONFIGURATION}-input-files.xcfilelist",
			);
			name = "[CP] Copy Pods Resources";
			outputFileListPaths = (
				"${PODS_ROOT}/Target Support Files/Pods-DailyCoffee/Pods-DailyCoffee-resources-${CONFIGURATION}-output-files.xcfilelist",
			);
			runOnlyForDeploymentPostprocessing = 0;
			shellPath = /bin/sh;
			shellScript = "\"${PODS_ROOT}/Target Support Files/Pods-DailyCoffee/Pods-DailyCoffee-resources.sh\"\n";
			showEnvVarsInLog = 0;
		};
		B2C1FDB7DB81411F8FC2B4E0 /* [CP] Embed Pods Frameworks */ = {
			isa = PBXShellScriptBuildPhase;
			buildActionMask = 2147483647;
			files = (
			);
			inputFileListPaths = (
				"${PODS_ROOT}/Target Support Files/Pods-DailyCoffee-DailyCoffeeUITests/Pods-DailyCoffee-DailyCoffeeUITests-frameworks-${CONFIGURATION}-input-files.xcfilelist",
			);
			name = "[CP] Embed Pods Frameworks";
			outputFileListPaths = (
				"${PODS_ROOT}/Target Support Files/Pods-DailyCoffee-DailyCoffeeUITests/Pods-DailyCoffee-DailyCoffeeUITests-frameworks-${CONFIGURATION}-output-files.xcfilelist",
			);
			runOnlyForDeploymentPostprocessing = 0;
			shellPath = /bin/sh;
			shellScript = "\"${PODS_ROOT}/Target Support Files/Pods-DailyCoffee-DailyCoffeeUITests/Pods-DailyCoffee-DailyCoffeeUITests-frameworks.sh\"\n";
			showEnvVarsInLog = 0;
		};
		F2C251F42CBEDB5026C07C10 /* [CP] Embed Pods Frameworks */ = {
			isa = PBXShellScriptBuildPhase;
			buildActionMask = 2147483647;
			files = (
			);
			inputFileListPaths = (
				"${PODS_ROOT}/Target Support Files/Pods-DailyCoffee/Pods-DailyCoffee-frameworks-${CONFIGURATION}-input-files.xcfilelist",
			);
			name = "[CP] Embed Pods Frameworks";
			outputFileListPaths = (
				"${PODS_ROOT}/Target Support Files/Pods-DailyCoffee/Pods-DailyCoffee-frameworks-${CONFIGURATION}-output-files.xcfilelist",
			);
			runOnlyForDeploymentPostprocessing = 0;
			shellPath = /bin/sh;
			shellScript = "\"${PODS_ROOT}/Target Support Files/Pods-DailyCoffee/Pods-DailyCoffee-frameworks.sh\"\n";
			showEnvVarsInLog = 0;
		};
/* End PBXShellScriptBuildPhase section */

/* Begin PBXSourcesBuildPhase section */
		EBDE4FB4271D0B2200A4FDBC /* Sources */ = {
			isa = PBXSourcesBuildPhase;
			buildActionMask = 2147483647;
			files = (
				EB32401E2725349500A26BA0 /* GMView.swift in Sources */,
				EB7943C42726D97100668698 /* DetailCafeView.swift in Sources */,
				35B15FEE2728444400718E75 /* DetailCafeViewModel.swift in Sources */,
				EBDE4FF7271D14E000A4FDBC /* FavoriteView.swift in Sources */,
				EB32402927256E3000A26BA0 /* UIAlertControllerExtension.swift in Sources */,
				EB324032272572F500A26BA0 /* AddCafeView.swift in Sources */,
				EBDE4FF9271D1FA100A4FDBC /* DetailView.swift in Sources */,
				EB324024272535EC00A26BA0 /* CafeViewModel.swift in Sources */,
				EBDE500B271D498100A4FDBC /* CustomTabBarItem.swift in Sources */,
				EB32402E27256ED100A26BA0 /* AlertWrapper.swift in Sources */,
				EBB9F4B22723DC15000DE4E4 /* CoffeeViewModel.swift in Sources */,
				EBDE4FF5271D149D00A4FDBC /* MapView.swift in Sources */,
				EBB9F4AE2723C0CF000DE4E4 /* DataController.swift in Sources */,
				EB32402B27256E8F00A26BA0 /* ViewExtension.swift in Sources */,
				EB7943C12726B44F00668698 /* RoundedCorner.swift in Sources */,
				EBDE4FF3271D149300A4FDBC /* HistoryView.swift in Sources */,
				EBDE5006271D437B00A4FDBC /* CustomTabPreferenceKey.swift in Sources */,
				EBDE4FFB271D1FA900A4FDBC /* SettingsView.swift in Sources */,
				EBDE4FFF271D1FC600A4FDBC /* CustomAlertView.swift in Sources */,
				EBDE4FFD271D1FBC00A4FDBC /* CustomTabBarView.swift in Sources */,
				EBDE4FBC271D0B2200A4FDBC /* DailyCoffeeApp.swift in Sources */,
				EBDE5008271D464100A4FDBC /* CustomTabView.swift in Sources */,
				EB32402727256D8400A26BA0 /* TextFieldAlert.swift in Sources */,
				EB4034A82722884500B2C10D /* ImagePickerModel.swift in Sources */,
				EB4034A627227F9700B2C10D /* DetailViewModel.swift in Sources */,
				EBDE4FF1271D148B00A4FDBC /* HomeView.swift in Sources */,
				AF94A45827426C1C00D38043 /* ProfileView.swift in Sources */,
				EBDE4FC8271D0B2300A4FDBC /* DailyCoffee.xcdatamodeld in Sources */,
				AF94A45C2743AD9800D38043 /* MakePeopleView.swift in Sources */,
				AF94A45E2743ADA800D38043 /* OpenSourceView.swift in Sources */,
				EBB9F4AA2723A45E000DE4E4 /* InputView.swift in Sources */,
				EBDE5002271D26DF00A4FDBC /* ColorExtension.swift in Sources */,
				EBB9F4AC2723C036000DE4E4 /* UserViewModel.swift in Sources */,
				EBDE5004271D3A6300A4FDBC /* CustomTabContainerView.swift in Sources */,
				AF94A45527426BC000D38043 /* MailViewModel.swift in Sources */,
				EBB9F4B02723C8B9000DE4E4 /* SetupView.swift in Sources */,
			);
			runOnlyForDeploymentPostprocessing = 0;
		};
		EBDE4FC9271D0B2300A4FDBC /* Sources */ = {
			isa = PBXSourcesBuildPhase;
			buildActionMask = 2147483647;
			files = (
				EBDE4FD2271D0B2300A4FDBC /* DailyCoffeeTests.swift in Sources */,
			);
			runOnlyForDeploymentPostprocessing = 0;
		};
		EBDE4FD3271D0B2300A4FDBC /* Sources */ = {
			isa = PBXSourcesBuildPhase;
			buildActionMask = 2147483647;
			files = (
				EBDE4FDE271D0B2300A4FDBC /* DailyCoffeeUITestsLaunchTests.swift in Sources */,
				EBDE4FDC271D0B2300A4FDBC /* DailyCoffeeUITests.swift in Sources */,
			);
			runOnlyForDeploymentPostprocessing = 0;
		};
/* End PBXSourcesBuildPhase section */

/* Begin PBXTargetDependency section */
		EBDE4FCF271D0B2300A4FDBC /* PBXTargetDependency */ = {
			isa = PBXTargetDependency;
			target = EBDE4FB7271D0B2200A4FDBC /* DailyCoffee */;
			targetProxy = EBDE4FCE271D0B2300A4FDBC /* PBXContainerItemProxy */;
		};
		EBDE4FD9271D0B2300A4FDBC /* PBXTargetDependency */ = {
			isa = PBXTargetDependency;
			target = EBDE4FB7271D0B2200A4FDBC /* DailyCoffee */;
			targetProxy = EBDE4FD8271D0B2300A4FDBC /* PBXContainerItemProxy */;
		};
/* End PBXTargetDependency section */

/* Begin XCBuildConfiguration section */
		EBDE4FDF271D0B2300A4FDBC /* Debug */ = {
			isa = XCBuildConfiguration;
			buildSettings = {
				ALWAYS_SEARCH_USER_PATHS = NO;
				CLANG_ANALYZER_NONNULL = YES;
				CLANG_ANALYZER_NUMBER_OBJECT_CONVERSION = YES_AGGRESSIVE;
				CLANG_CXX_LANGUAGE_STANDARD = "gnu++17";
				CLANG_CXX_LIBRARY = "libc++";
				CLANG_ENABLE_MODULES = YES;
				CLANG_ENABLE_OBJC_ARC = YES;
				CLANG_ENABLE_OBJC_WEAK = YES;
				CLANG_WARN_BLOCK_CAPTURE_AUTORELEASING = YES;
				CLANG_WARN_BOOL_CONVERSION = YES;
				CLANG_WARN_COMMA = YES;
				CLANG_WARN_CONSTANT_CONVERSION = YES;
				CLANG_WARN_DEPRECATED_OBJC_IMPLEMENTATIONS = YES;
				CLANG_WARN_DIRECT_OBJC_ISA_USAGE = YES_ERROR;
				CLANG_WARN_DOCUMENTATION_COMMENTS = YES;
				CLANG_WARN_EMPTY_BODY = YES;
				CLANG_WARN_ENUM_CONVERSION = YES;
				CLANG_WARN_INFINITE_RECURSION = YES;
				CLANG_WARN_INT_CONVERSION = YES;
				CLANG_WARN_NON_LITERAL_NULL_CONVERSION = YES;
				CLANG_WARN_OBJC_IMPLICIT_RETAIN_SELF = YES;
				CLANG_WARN_OBJC_LITERAL_CONVERSION = YES;
				CLANG_WARN_OBJC_ROOT_CLASS = YES_ERROR;
				CLANG_WARN_QUOTED_INCLUDE_IN_FRAMEWORK_HEADER = YES;
				CLANG_WARN_RANGE_LOOP_ANALYSIS = YES;
				CLANG_WARN_STRICT_PROTOTYPES = YES;
				CLANG_WARN_SUSPICIOUS_MOVE = YES;
				CLANG_WARN_UNGUARDED_AVAILABILITY = YES_AGGRESSIVE;
				CLANG_WARN_UNREACHABLE_CODE = YES;
				CLANG_WARN__DUPLICATE_METHOD_MATCH = YES;
				COPY_PHASE_STRIP = NO;
				DEBUG_INFORMATION_FORMAT = dwarf;
				ENABLE_STRICT_OBJC_MSGSEND = YES;
				ENABLE_TESTABILITY = YES;
				GCC_C_LANGUAGE_STANDARD = gnu11;
				GCC_DYNAMIC_NO_PIC = NO;
				GCC_NO_COMMON_BLOCKS = YES;
				GCC_OPTIMIZATION_LEVEL = 0;
				GCC_PREPROCESSOR_DEFINITIONS = (
					"DEBUG=1",
					"$(inherited)",
				);
				GCC_WARN_64_TO_32_BIT_CONVERSION = YES;
				GCC_WARN_ABOUT_RETURN_TYPE = YES_ERROR;
				GCC_WARN_UNDECLARED_SELECTOR = YES;
				GCC_WARN_UNINITIALIZED_AUTOS = YES_AGGRESSIVE;
				GCC_WARN_UNUSED_FUNCTION = YES;
				GCC_WARN_UNUSED_VARIABLE = YES;
				IPHONEOS_DEPLOYMENT_TARGET = 14.0;
				MTL_ENABLE_DEBUG_INFO = INCLUDE_SOURCE;
				MTL_FAST_MATH = YES;
				ONLY_ACTIVE_ARCH = YES;
				SDKROOT = iphoneos;
				SWIFT_ACTIVE_COMPILATION_CONDITIONS = DEBUG;
				SWIFT_OPTIMIZATION_LEVEL = "-Onone";
			};
			name = Debug;
		};
		EBDE4FE0271D0B2300A4FDBC /* Release */ = {
			isa = XCBuildConfiguration;
			buildSettings = {
				ALWAYS_SEARCH_USER_PATHS = NO;
				CLANG_ANALYZER_NONNULL = YES;
				CLANG_ANALYZER_NUMBER_OBJECT_CONVERSION = YES_AGGRESSIVE;
				CLANG_CXX_LANGUAGE_STANDARD = "gnu++17";
				CLANG_CXX_LIBRARY = "libc++";
				CLANG_ENABLE_MODULES = YES;
				CLANG_ENABLE_OBJC_ARC = YES;
				CLANG_ENABLE_OBJC_WEAK = YES;
				CLANG_WARN_BLOCK_CAPTURE_AUTORELEASING = YES;
				CLANG_WARN_BOOL_CONVERSION = YES;
				CLANG_WARN_COMMA = YES;
				CLANG_WARN_CONSTANT_CONVERSION = YES;
				CLANG_WARN_DEPRECATED_OBJC_IMPLEMENTATIONS = YES;
				CLANG_WARN_DIRECT_OBJC_ISA_USAGE = YES_ERROR;
				CLANG_WARN_DOCUMENTATION_COMMENTS = YES;
				CLANG_WARN_EMPTY_BODY = YES;
				CLANG_WARN_ENUM_CONVERSION = YES;
				CLANG_WARN_INFINITE_RECURSION = YES;
				CLANG_WARN_INT_CONVERSION = YES;
				CLANG_WARN_NON_LITERAL_NULL_CONVERSION = YES;
				CLANG_WARN_OBJC_IMPLICIT_RETAIN_SELF = YES;
				CLANG_WARN_OBJC_LITERAL_CONVERSION = YES;
				CLANG_WARN_OBJC_ROOT_CLASS = YES_ERROR;
				CLANG_WARN_QUOTED_INCLUDE_IN_FRAMEWORK_HEADER = YES;
				CLANG_WARN_RANGE_LOOP_ANALYSIS = YES;
				CLANG_WARN_STRICT_PROTOTYPES = YES;
				CLANG_WARN_SUSPICIOUS_MOVE = YES;
				CLANG_WARN_UNGUARDED_AVAILABILITY = YES_AGGRESSIVE;
				CLANG_WARN_UNREACHABLE_CODE = YES;
				CLANG_WARN__DUPLICATE_METHOD_MATCH = YES;
				COPY_PHASE_STRIP = NO;
				DEBUG_INFORMATION_FORMAT = "dwarf-with-dsym";
				ENABLE_NS_ASSERTIONS = NO;
				ENABLE_STRICT_OBJC_MSGSEND = YES;
				GCC_C_LANGUAGE_STANDARD = gnu11;
				GCC_NO_COMMON_BLOCKS = YES;
				GCC_WARN_64_TO_32_BIT_CONVERSION = YES;
				GCC_WARN_ABOUT_RETURN_TYPE = YES_ERROR;
				GCC_WARN_UNDECLARED_SELECTOR = YES;
				GCC_WARN_UNINITIALIZED_AUTOS = YES_AGGRESSIVE;
				GCC_WARN_UNUSED_FUNCTION = YES;
				GCC_WARN_UNUSED_VARIABLE = YES;
				IPHONEOS_DEPLOYMENT_TARGET = 14.0;
				MTL_ENABLE_DEBUG_INFO = NO;
				MTL_FAST_MATH = YES;
				SDKROOT = iphoneos;
				SWIFT_COMPILATION_MODE = wholemodule;
				SWIFT_OPTIMIZATION_LEVEL = "-O";
				VALIDATE_PRODUCT = YES;
			};
			name = Release;
		};
		EBDE4FE2271D0B2300A4FDBC /* Debug */ = {
			isa = XCBuildConfiguration;
			baseConfigurationReference = F973BE6637BA95FB7BFD206D /* Pods-DailyCoffee.debug.xcconfig */;
			buildSettings = {
				ASSETCATALOG_COMPILER_APPICON_NAME = AppIcon;
				ASSETCATALOG_COMPILER_GLOBAL_ACCENT_COLOR_NAME = AccentColor;
				CODE_SIGN_STYLE = Automatic;
				CURRENT_PROJECT_VERSION = 1;
				DEVELOPMENT_ASSET_PATHS = "\"DailyCoffee/Preview Content\"";
				DEVELOPMENT_TEAM = XJU34KVARY;
				ENABLE_PREVIEWS = YES;
				GENERATE_INFOPLIST_FILE = YES;
				INFOPLIST_KEY_NSCameraUsageDescription = "Need to access camera";
				INFOPLIST_KEY_NSPhotoLibraryAddUsageDescription = "Need to access photo library";
				INFOPLIST_KEY_UIApplicationSceneManifest_Generation = YES;
				INFOPLIST_KEY_UIApplicationSupportsIndirectInputEvents = YES;
				INFOPLIST_KEY_UILaunchScreen_Generation = YES;
				INFOPLIST_KEY_UILaunchStoryboardName = LaunchScreen;
				INFOPLIST_KEY_UISupportedInterfaceOrientations_iPad = "UIInterfaceOrientationPortrait UIInterfaceOrientationPortraitUpsideDown UIInterfaceOrientationLandscapeLeft UIInterfaceOrientationLandscapeRight";
				INFOPLIST_KEY_UISupportedInterfaceOrientations_iPhone = "UIInterfaceOrientationPortrait UIInterfaceOrientationLandscapeLeft UIInterfaceOrientationLandscapeRight";
				IPHONEOS_DEPLOYMENT_TARGET = 14.0;
				LD_RUNPATH_SEARCH_PATHS = (
					"$(inherited)",
					"@executable_path/Frameworks",
				);
				MARKETING_VERSION = 1.0;
				PRODUCT_BUNDLE_IDENTIFIER = com.google.firbase.DailyCoffee;
				PRODUCT_NAME = "$(TARGET_NAME)";
				SWIFT_EMIT_LOC_STRINGS = YES;
				SWIFT_VERSION = 5.0;
				TARGETED_DEVICE_FAMILY = "1,2";
			};
			name = Debug;
		};
		EBDE4FE3271D0B2300A4FDBC /* Release */ = {
			isa = XCBuildConfiguration;
			baseConfigurationReference = A585935A88948CA810DC5DE6 /* Pods-DailyCoffee.release.xcconfig */;
			buildSettings = {
				ASSETCATALOG_COMPILER_APPICON_NAME = AppIcon;
				ASSETCATALOG_COMPILER_GLOBAL_ACCENT_COLOR_NAME = AccentColor;
				CODE_SIGN_STYLE = Automatic;
				CURRENT_PROJECT_VERSION = 1;
				DEVELOPMENT_ASSET_PATHS = "\"DailyCoffee/Preview Content\"";
				DEVELOPMENT_TEAM = XJU34KVARY;
				ENABLE_PREVIEWS = YES;
				GENERATE_INFOPLIST_FILE = YES;
				INFOPLIST_KEY_NSCameraUsageDescription = "Need to access camera";
				INFOPLIST_KEY_NSPhotoLibraryAddUsageDescription = "Need to access photo library";
				INFOPLIST_KEY_UIApplicationSceneManifest_Generation = YES;
				INFOPLIST_KEY_UIApplicationSupportsIndirectInputEvents = YES;
				INFOPLIST_KEY_UILaunchScreen_Generation = YES;
				INFOPLIST_KEY_UILaunchStoryboardName = LaunchScreen;
				INFOPLIST_KEY_UISupportedInterfaceOrientations_iPad = "UIInterfaceOrientationPortrait UIInterfaceOrientationPortraitUpsideDown UIInterfaceOrientationLandscapeLeft UIInterfaceOrientationLandscapeRight";
				INFOPLIST_KEY_UISupportedInterfaceOrientations_iPhone = "UIInterfaceOrientationPortrait UIInterfaceOrientationLandscapeLeft UIInterfaceOrientationLandscapeRight";
				IPHONEOS_DEPLOYMENT_TARGET = 14.0;
				LD_RUNPATH_SEARCH_PATHS = (
					"$(inherited)",
					"@executable_path/Frameworks",
				);
				MARKETING_VERSION = 1.0;
				PRODUCT_BUNDLE_IDENTIFIER = com.google.firbase.DailyCoffee;
				PRODUCT_NAME = "$(TARGET_NAME)";
				SWIFT_EMIT_LOC_STRINGS = YES;
				SWIFT_VERSION = 5.0;
				TARGETED_DEVICE_FAMILY = "1,2";
			};
			name = Release;
		};
		EBDE4FE5271D0B2300A4FDBC /* Debug */ = {
			isa = XCBuildConfiguration;
			baseConfigurationReference = 5AB9648006DB019D1C7330E3 /* Pods-DailyCoffeeTests.debug.xcconfig */;
			buildSettings = {
				ALWAYS_EMBED_SWIFT_STANDARD_LIBRARIES = YES;
				BUNDLE_LOADER = "$(TEST_HOST)";
				CODE_SIGN_STYLE = Automatic;
				CURRENT_PROJECT_VERSION = 1;
				DEVELOPMENT_TEAM = XJU34KVARY;
				GENERATE_INFOPLIST_FILE = YES;
				IPHONEOS_DEPLOYMENT_TARGET = 14.0;
				LD_RUNPATH_SEARCH_PATHS = (
					"$(inherited)",
					"@executable_path/Frameworks",
					"@loader_path/Frameworks",
				);
				MARKETING_VERSION = 1.0;
				PRODUCT_BUNDLE_IDENTIFIER = com.google.firbase.DailyCoffeeTests;
				PRODUCT_NAME = "$(TARGET_NAME)";
				SWIFT_EMIT_LOC_STRINGS = NO;
				SWIFT_VERSION = 5.0;
				TARGETED_DEVICE_FAMILY = "1,2";
				TEST_HOST = "$(BUILT_PRODUCTS_DIR)/DailyCoffee.app/DailyCoffee";
			};
			name = Debug;
		};
		EBDE4FE6271D0B2300A4FDBC /* Release */ = {
			isa = XCBuildConfiguration;
			baseConfigurationReference = 9069C738469C12C9DEB60FB0 /* Pods-DailyCoffeeTests.release.xcconfig */;
			buildSettings = {
				ALWAYS_EMBED_SWIFT_STANDARD_LIBRARIES = YES;
				BUNDLE_LOADER = "$(TEST_HOST)";
				CODE_SIGN_STYLE = Automatic;
				CURRENT_PROJECT_VERSION = 1;
				DEVELOPMENT_TEAM = XJU34KVARY;
				GENERATE_INFOPLIST_FILE = YES;
				IPHONEOS_DEPLOYMENT_TARGET = 14.0;
				LD_RUNPATH_SEARCH_PATHS = (
					"$(inherited)",
					"@executable_path/Frameworks",
					"@loader_path/Frameworks",
				);
				MARKETING_VERSION = 1.0;
				PRODUCT_BUNDLE_IDENTIFIER = com.google.firbase.DailyCoffeeTests;
				PRODUCT_NAME = "$(TARGET_NAME)";
				SWIFT_EMIT_LOC_STRINGS = NO;
				SWIFT_VERSION = 5.0;
				TARGETED_DEVICE_FAMILY = "1,2";
				TEST_HOST = "$(BUILT_PRODUCTS_DIR)/DailyCoffee.app/DailyCoffee";
			};
			name = Release;
		};
		EBDE4FE8271D0B2300A4FDBC /* Debug */ = {
			isa = XCBuildConfiguration;
			baseConfigurationReference = 7E1242E6AAF44E61FE9D26F8 /* Pods-DailyCoffee-DailyCoffeeUITests.debug.xcconfig */;
			buildSettings = {
				ALWAYS_EMBED_SWIFT_STANDARD_LIBRARIES = YES;
				CODE_SIGN_STYLE = Automatic;
				CURRENT_PROJECT_VERSION = 1;
				DEVELOPMENT_TEAM = XJU34KVARY;
				GENERATE_INFOPLIST_FILE = YES;
				LD_RUNPATH_SEARCH_PATHS = (
					"$(inherited)",
					"@executable_path/Frameworks",
					"@loader_path/Frameworks",
				);
				MARKETING_VERSION = 1.0;
				PRODUCT_BUNDLE_IDENTIFIER = com.google.firbase.DailyCoffeeUITests;
				PRODUCT_NAME = "$(TARGET_NAME)";
				SWIFT_EMIT_LOC_STRINGS = NO;
				SWIFT_VERSION = 5.0;
				TARGETED_DEVICE_FAMILY = "1,2";
				TEST_TARGET_NAME = DailyCoffee;
			};
			name = Debug;
		};
		EBDE4FE9271D0B2300A4FDBC /* Release */ = {
			isa = XCBuildConfiguration;
			baseConfigurationReference = B641307930231221C740A517 /* Pods-DailyCoffee-DailyCoffeeUITests.release.xcconfig */;
			buildSettings = {
				ALWAYS_EMBED_SWIFT_STANDARD_LIBRARIES = YES;
				CODE_SIGN_STYLE = Automatic;
				CURRENT_PROJECT_VERSION = 1;
				DEVELOPMENT_TEAM = XJU34KVARY;
				GENERATE_INFOPLIST_FILE = YES;
				LD_RUNPATH_SEARCH_PATHS = (
					"$(inherited)",
					"@executable_path/Frameworks",
					"@loader_path/Frameworks",
				);
				MARKETING_VERSION = 1.0;
				PRODUCT_BUNDLE_IDENTIFIER = com.google.firbase.DailyCoffeeUITests;
				PRODUCT_NAME = "$(TARGET_NAME)";
				SWIFT_EMIT_LOC_STRINGS = NO;
				SWIFT_VERSION = 5.0;
				TARGETED_DEVICE_FAMILY = "1,2";
				TEST_TARGET_NAME = DailyCoffee;
			};
			name = Release;
		};
/* End XCBuildConfiguration section */

/* Begin XCConfigurationList section */
		EBDE4FB3271D0B2200A4FDBC /* Build configuration list for PBXProject "DailyCoffee" */ = {
			isa = XCConfigurationList;
			buildConfigurations = (
				EBDE4FDF271D0B2300A4FDBC /* Debug */,
				EBDE4FE0271D0B2300A4FDBC /* Release */,
			);
			defaultConfigurationIsVisible = 0;
			defaultConfigurationName = Release;
		};
		EBDE4FE1271D0B2300A4FDBC /* Build configuration list for PBXNativeTarget "DailyCoffee" */ = {
			isa = XCConfigurationList;
			buildConfigurations = (
				EBDE4FE2271D0B2300A4FDBC /* Debug */,
				EBDE4FE3271D0B2300A4FDBC /* Release */,
			);
			defaultConfigurationIsVisible = 0;
			defaultConfigurationName = Release;
		};
		EBDE4FE4271D0B2300A4FDBC /* Build configuration list for PBXNativeTarget "DailyCoffeeTests" */ = {
			isa = XCConfigurationList;
			buildConfigurations = (
				EBDE4FE5271D0B2300A4FDBC /* Debug */,
				EBDE4FE6271D0B2300A4FDBC /* Release */,
			);
			defaultConfigurationIsVisible = 0;
			defaultConfigurationName = Release;
		};
		EBDE4FE7271D0B2300A4FDBC /* Build configuration list for PBXNativeTarget "DailyCoffeeUITests" */ = {
			isa = XCConfigurationList;
			buildConfigurations = (
				EBDE4FE8271D0B2300A4FDBC /* Debug */,
				EBDE4FE9271D0B2300A4FDBC /* Release */,
			);
			defaultConfigurationIsVisible = 0;
			defaultConfigurationName = Release;
		};
/* End XCConfigurationList section */

/* Begin XCVersionGroup section */
		EBDE4FC6271D0B2300A4FDBC /* DailyCoffee.xcdatamodeld */ = {
			isa = XCVersionGroup;
			children = (
				EBDE4FC7271D0B2300A4FDBC /* DailyCoffee.xcdatamodel */,
			);
			currentVersion = EBDE4FC7271D0B2300A4FDBC /* DailyCoffee.xcdatamodel */;
			path = DailyCoffee.xcdatamodeld;
			sourceTree = "<group>";
			versionGroupType = wrapper.xcdatamodel;
		};
/* End XCVersionGroup section */
	};
	rootObject = EBDE4FB0271D0B2200A4FDBC /* Project object */;
}
